
Microsoft Visual Studio Solution File, Format Version 12.00
# Visual Studio Version 17
VisualStudioVersion = 17.0.32014.148
MinimumVisualStudioVersion = 10.0.40219.1
Project("{9A19103F-16F7-4668-BE54-9A1E7A4F7556}") = "CAPA_NEGOCIO", "CAPA_NEGOCIO\CAPA_NEGOCIO.csproj", "{3A1BD19D-5C38-4166-9A02-B94B79EC5717}"
EndProject
Project("{9A19103F-16F7-4668-BE54-9A1E7A4F7556}") = "CAPA_DATOS", "CAPA_DATOS\CAPA_DATOS.csproj", "{8FF1A6C7-4251-4041-A3EE-0A23AE39517D}"
EndProject
Project("{9A19103F-16F7-4668-BE54-9A1E7A4F7556}") = "SNI_UI2", "SNI_UI2\SNI_UI2.csproj", "{65064C0F-E1E2-4448-9F71-6581FA14B112}"
EndProject
Project("{2150E333-8FDC-42A3-9474-1A3956D46DE8}") = "SNI_PROYECT", "SNI_PROYECT", "{5D5B000E-9E4F-4B7A-B252-9667C82D5BE7}"
EndProject
Project("{2150E333-8FDC-42A3-9474-1A3956D46DE8}") = "USAV_WEB", "USAV_WEB", "{0DAE2E93-9B88-48F7-BDB7-6FB018014EB7}"
EndProject
Project("{9A19103F-16F7-4668-BE54-9A1E7A4F7556}") = "UI_USAV", "UI_USAV\UI_USAV.csproj", "{1C294730-559B-4C71-BA6A-3A4B1344D0B6}"
EndProject
Project("{9A19103F-16F7-4668-BE54-9A1E7A4F7556}") = "AppGenerator", "AppGenerator\AppGenerator.csproj", "{7F624FF7-A981-435A-A4F7-26268874221C}"
EndProject
Project("{9A19103F-16F7-4668-BE54-9A1E7A4F7556}") = "FACT", "FACT\FACT.csproj", "{35F7C267-97FF-4B24-8955-D865F799FE99}"
EndProject
Project("{2150E333-8FDC-42A3-9474-1A3956D46DE8}") = "FACTURACION", "FACTURACION", "{8844B832-E1DE-4B23-B624-8EA5E0436534}"
EndProject
Project("{9A19103F-16F7-4668-BE54-9A1E7A4F7556}") = "FACT_NEGOCIO", "FACT_NEGOCIO\FACT_NEGOCIO.csproj", "{5806AFE9-5307-4A8D-B02C-25B888B171ED}"
EndProject
Project("{2150E333-8FDC-42A3-9474-1A3956D46DE8}") = "Solution Items", "Solution Items", "{0AC08783-3E50-4C66-BEA7-FDD6049A581C}"
	ProjectSection(SolutionItems) = preProject
		.editorconfig = .editorconfig
	EndProjectSection
EndProject
Project("{FAE04EC0-301F-11D3-BF4B-00C04F79EFBC}") = "USAV_2", "USAV_2\USAV_2.csproj", "{8DA5A13C-EB05-47D6-9B74-C8452F59467E}"
EndProject
Global
	GlobalSection(SolutionConfigurationPlatforms) = preSolution
		Debug|Any CPU = Debug|Any CPU
		Release|Any CPU = Release|Any CPU
	EndGlobalSection
	GlobalSection(ProjectConfigurationPlatforms) = postSolution
		{3A1BD19D-5C38-4166-9A02-B94B79EC5717}.Debug|Any CPU.ActiveCfg = Debug|Any CPU
		{3A1BD19D-5C38-4166-9A02-B94B79EC5717}.Debug|Any CPU.Build.0 = Debug|Any CPU
		{3A1BD19D-5C38-4166-9A02-B94B79EC5717}.Release|Any CPU.ActiveCfg = Release|Any CPU
		{3A1BD19D-5C38-4166-9A02-B94B79EC5717}.Release|Any CPU.Build.0 = Release|Any CPU
		{8FF1A6C7-4251-4041-A3EE-0A23AE39517D}.Debug|Any CPU.ActiveCfg = Debug|Any CPU
		{8FF1A6C7-4251-4041-A3EE-0A23AE39517D}.Debug|Any CPU.Build.0 = Debug|Any CPU
		{8FF1A6C7-4251-4041-A3EE-0A23AE39517D}.Release|Any CPU.ActiveCfg = Release|Any CPU
		{8FF1A6C7-4251-4041-A3EE-0A23AE39517D}.Release|Any CPU.Build.0 = Release|Any CPU
		{65064C0F-E1E2-4448-9F71-6581FA14B112}.Debug|Any CPU.ActiveCfg = Debug|Any CPU
		{65064C0F-E1E2-4448-9F71-6581FA14B112}.Debug|Any CPU.Build.0 = Debug|Any CPU
		{65064C0F-E1E2-4448-9F71-6581FA14B112}.Release|Any CPU.ActiveCfg = Release|Any CPU
		{65064C0F-E1E2-4448-9F71-6581FA14B112}.Release|Any CPU.Build.0 = Release|Any CPU
		{1C294730-559B-4C71-BA6A-3A4B1344D0B6}.Debug|Any CPU.ActiveCfg = Debug|Any CPU
		{1C294730-559B-4C71-BA6A-3A4B1344D0B6}.Debug|Any CPU.Build.0 = Debug|Any CPU
		{1C294730-559B-4C71-BA6A-3A4B1344D0B6}.Release|Any CPU.ActiveCfg = Release|Any CPU
		{1C294730-559B-4C71-BA6A-3A4B1344D0B6}.Release|Any CPU.Build.0 = Release|Any CPU
		{7F624FF7-A981-435A-A4F7-26268874221C}.Debug|Any CPU.ActiveCfg = Debug|Any CPU
		{7F624FF7-A981-435A-A4F7-26268874221C}.Debug|Any CPU.Build.0 = Debug|Any CPU
		{7F624FF7-A981-435A-A4F7-26268874221C}.Release|Any CPU.ActiveCfg = Release|Any CPU
		{7F624FF7-A981-435A-A4F7-26268874221C}.Release|Any CPU.Build.0 = Release|Any CPU
		{35F7C267-97FF-4B24-8955-D865F799FE99}.Debug|Any CPU.ActiveCfg = Debug|Any CPU
		{35F7C267-97FF-4B24-8955-D865F799FE99}.Debug|Any CPU.Build.0 = Debug|Any CPU
		{35F7C267-97FF-4B24-8955-D865F799FE99}.Release|Any CPU.ActiveCfg = Release|Any CPU
		{35F7C267-97FF-4B24-8955-D865F799FE99}.Release|Any CPU.Build.0 = Release|Any CPU
		{5806AFE9-5307-4A8D-B02C-25B888B171ED}.Debug|Any CPU.ActiveCfg = Debug|Any CPU
		{5806AFE9-5307-4A8D-B02C-25B888B171ED}.Debug|Any CPU.Build.0 = Debug|Any CPU
		{5806AFE9-5307-4A8D-B02C-25B888B171ED}.Release|Any CPU.ActiveCfg = Release|Any CPU
		{5806AFE9-5307-4A8D-B02C-25B888B171ED}.Release|Any CPU.Build.0 = Release|Any CPU
		{8DA5A13C-EB05-47D6-9B74-C8452F59467E}.Debug|Any CPU.ActiveCfg = Debug|Any CPU
		{8DA5A13C-EB05-47D6-9B74-C8452F59467E}.Debug|Any CPU.Build.0 = Debug|Any CPU
		{8DA5A13C-EB05-47D6-9B74-C8452F59467E}.Release|Any CPU.ActiveCfg = Release|Any CPU
		{8DA5A13C-EB05-47D6-9B74-C8452F59467E}.Release|Any CPU.Build.0 = Release|Any CPU
	EndGlobalSection
	GlobalSection(SolutionProperties) = preSolution
		HideSolutionNode = FALSE
	EndGlobalSection
	GlobalSection(NestedProjects) = preSolution
		{3A1BD19D-5C38-4166-9A02-B94B79EC5717} = {5D5B000E-9E4F-4B7A-B252-9667C82D5BE7}
		{65064C0F-E1E2-4448-9F71-6581FA14B112} = {5D5B000E-9E4F-4B7A-B252-9667C82D5BE7}
		{1C294730-559B-4C71-BA6A-3A4B1344D0B6} = {0DAE2E93-9B88-48F7-BDB7-6FB018014EB7}
		{35F7C267-97FF-4B24-8955-D865F799FE99} = {8844B832-E1DE-4B23-B624-8EA5E0436534}
		{5806AFE9-5307-4A8D-B02C-25B888B171ED} = {8844B832-E1DE-4B23-B624-8EA5E0436534}
	EndGlobalSection
	GlobalSection(ExtensibilityGlobals) = postSolution
		SolutionGuid = {B7B4F754-54CB-45DC-9974-ED2063BC89B2}
	EndGlobalSection
EndGlobal
