
Microsoft Visual Studio Solution File, Format Version 12.00
# Visual Studio Version 17
VisualStudioVersion = 17.0.32014.148
MinimumVisualStudioVersion = 10.0.40219.1
Project("{9A19103F-16F7-4668-BE54-9A1E7A4F7556}") = "CAPA_NEGOCIO", "CAPA_NEGOCIO\CAPA_NEGOCIO.csproj", "{3A1BD19D-5C38-4166-9A02-B94B79EC5717}"
EndProject
Project("{9A19103F-16F7-4668-BE54-9A1E7A4F7556}") = "CAPA_DATOS", "CAPA_DATOS\CAPA_DATOS.csproj", "{8FF1A6C7-4251-4041-A3EE-0A23AE39517D}"
EndProject
Project("{9A19103F-16F7-4668-BE54-9A1E7A4F7556}") = "SNI_UI2", "SNI_UI2\SNI_UI2.csproj", "{65064C0F-E1E2-4448-9F71-6581FA14B112}"
EndProject
Project("{2150E333-8FDC-42A3-9474-1A3956D46DE8}") = "SNI_PROYECT", "SNI_PROYECT", "{5D5B000E-9E4F-4B7A-B252-9667C82D5BE7}"
EndProject
Project("{2150E333-8FDC-42A3-9474-1A3956D46DE8}") = "UNAN_PROYECT", "UNAN_PROYECT", "{6E16E6C9-F496-4BF2-9785-6B997784BA0B}"
EndProject
Project("{9A19103F-16F7-4668-BE54-9A1E7A4F7556}") = "CAPA_MODEL", "CAPA_MODEL\CAPA_MODEL.csproj", "{2262A898-60AC-48AF-A22F-9A88EAC478FB}"
EndProject
Project("{9A19103F-16F7-4668-BE54-9A1E7A4F7556}") = "UNAN_UI", "UNAN_UI\UNAN_UI.csproj", "{9EED8D73-2FE4-4F44-9F48-9E387B8A69FE}"
EndProject
Project("{9A19103F-16F7-4668-BE54-9A1E7A4F7556}") = "SECURITY", "SECURITY\SECURITY.csproj", "{E84F61C0-C447-41B7-9469-689B4770BDC2}"
EndProject
Project("{2150E333-8FDC-42A3-9474-1A3956D46DE8}") = "USAV_WEB", "USAV_WEB", "{0DAE2E93-9B88-48F7-BDB7-6FB018014EB7}"
EndProject
Project("{FAE04EC0-301F-11D3-BF4B-00C04F79EFBC}") = "UI_USAV", "UI_USAV\UI_USAV.csproj", "{1C294730-559B-4C71-BA6A-3A4B1344D0B6}"
EndProject
Global
	GlobalSection(SolutionConfigurationPlatforms) = preSolution
		Debug|Any CPU = Debug|Any CPU
		Release|Any CPU = Release|Any CPU
	EndGlobalSection
	GlobalSection(ProjectConfigurationPlatforms) = postSolution
		{3A1BD19D-5C38-4166-9A02-B94B79EC5717}.Debug|Any CPU.ActiveCfg = Debug|Any CPU
		{3A1BD19D-5C38-4166-9A02-B94B79EC5717}.Debug|Any CPU.Build.0 = Debug|Any CPU
		{3A1BD19D-5C38-4166-9A02-B94B79EC5717}.Release|Any CPU.ActiveCfg = Release|Any CPU
		{3A1BD19D-5C38-4166-9A02-B94B79EC5717}.Release|Any CPU.Build.0 = Release|Any CPU
		{8FF1A6C7-4251-4041-A3EE-0A23AE39517D}.Debug|Any CPU.ActiveCfg = Debug|Any CPU
		{8FF1A6C7-4251-4041-A3EE-0A23AE39517D}.Debug|Any CPU.Build.0 = Debug|Any CPU
		{8FF1A6C7-4251-4041-A3EE-0A23AE39517D}.Release|Any CPU.ActiveCfg = Release|Any CPU
		{8FF1A6C7-4251-4041-A3EE-0A23AE39517D}.Release|Any CPU.Build.0 = Release|Any CPU
		{65064C0F-E1E2-4448-9F71-6581FA14B112}.Debug|Any CPU.ActiveCfg = Debug|Any CPU
		{65064C0F-E1E2-4448-9F71-6581FA14B112}.Debug|Any CPU.Build.0 = Debug|Any CPU
		{65064C0F-E1E2-4448-9F71-6581FA14B112}.Release|Any CPU.ActiveCfg = Release|Any CPU
		{65064C0F-E1E2-4448-9F71-6581FA14B112}.Release|Any CPU.Build.0 = Release|Any CPU
		{2262A898-60AC-48AF-A22F-9A88EAC478FB}.Debug|Any CPU.ActiveCfg = Debug|Any CPU
		{2262A898-60AC-48AF-A22F-9A88EAC478FB}.Debug|Any CPU.Build.0 = Debug|Any CPU
		{2262A898-60AC-48AF-A22F-9A88EAC478FB}.Release|Any CPU.ActiveCfg = Release|Any CPU
		{2262A898-60AC-48AF-A22F-9A88EAC478FB}.Release|Any CPU.Build.0 = Release|Any CPU
		{9EED8D73-2FE4-4F44-9F48-9E387B8A69FE}.Debug|Any CPU.ActiveCfg = Debug|Any CPU
		{9EED8D73-2FE4-4F44-9F48-9E387B8A69FE}.Debug|Any CPU.Build.0 = Debug|Any CPU
		{9EED8D73-2FE4-4F44-9F48-9E387B8A69FE}.Release|Any CPU.ActiveCfg = Release|Any CPU
		{9EED8D73-2FE4-4F44-9F48-9E387B8A69FE}.Release|Any CPU.Build.0 = Release|Any CPU
		{E84F61C0-C447-41B7-9469-689B4770BDC2}.Debug|Any CPU.ActiveCfg = Debug|Any CPU
		{E84F61C0-C447-41B7-9469-689B4770BDC2}.Debug|Any CPU.Build.0 = Debug|Any CPU
		{E84F61C0-C447-41B7-9469-689B4770BDC2}.Release|Any CPU.ActiveCfg = Release|Any CPU
		{E84F61C0-C447-41B7-9469-689B4770BDC2}.Release|Any CPU.Build.0 = Release|Any CPU
		{1C294730-559B-4C71-BA6A-3A4B1344D0B6}.Debug|Any CPU.ActiveCfg = Debug|Any CPU
		{1C294730-559B-4C71-BA6A-3A4B1344D0B6}.Debug|Any CPU.Build.0 = Debug|Any CPU
		{1C294730-559B-4C71-BA6A-3A4B1344D0B6}.Release|Any CPU.ActiveCfg = Release|Any CPU
		{1C294730-559B-4C71-BA6A-3A4B1344D0B6}.Release|Any CPU.Build.0 = Release|Any CPU
	EndGlobalSection
	GlobalSection(SolutionProperties) = preSolution
		HideSolutionNode = FALSE
	EndGlobalSection
	GlobalSection(NestedProjects) = preSolution
		{3A1BD19D-5C38-4166-9A02-B94B79EC5717} = {5D5B000E-9E4F-4B7A-B252-9667C82D5BE7}
		{65064C0F-E1E2-4448-9F71-6581FA14B112} = {5D5B000E-9E4F-4B7A-B252-9667C82D5BE7}
		{2262A898-60AC-48AF-A22F-9A88EAC478FB} = {6E16E6C9-F496-4BF2-9785-6B997784BA0B}
		{9EED8D73-2FE4-4F44-9F48-9E387B8A69FE} = {6E16E6C9-F496-4BF2-9785-6B997784BA0B}
		{1C294730-559B-4C71-BA6A-3A4B1344D0B6} = {0DAE2E93-9B88-48F7-BDB7-6FB018014EB7}
	EndGlobalSection
	GlobalSection(ExtensibilityGlobals) = postSolution
		SolutionGuid = {B7B4F754-54CB-45DC-9974-ED2063BC89B2}
	EndGlobalSection
EndGlobal
