
Microsoft Visual Studio Solution File, Format Version 12.00
# Visual Studio Version 16
VisualStudioVersion = 16.0.30711.63
MinimumVisualStudioVersion = 10.0.40219.1
Project("{9A19103F-16F7-4668-BE54-9A1E7A4F7556}") = "SNI_UI", "SNI_UI\SNI_UI.csproj", "{7797FE90-33CA-43A7-AD26-872AB3AA8C5D}"
EndProject
Project("{9A19103F-16F7-4668-BE54-9A1E7A4F7556}") = "CAPA_NEGOCIO", "CAPA_NEGOCIO\CAPA_NEGOCIO.csproj", "{3A1BD19D-5C38-4166-9A02-B94B79EC5717}"
EndProject
Project("{9A19103F-16F7-4668-BE54-9A1E7A4F7556}") = "CAPA_DATOS", "CAPA_DATOS\CAPA_DATOS.csproj", "{8FF1A6C7-4251-4041-A3EE-0A23AE39517D}"
EndProject
Global
	GlobalSection(SolutionConfigurationPlatforms) = preSolution
		Debug|Any CPU = Debug|Any CPU
		Release|Any CPU = Release|Any CPU
	EndGlobalSection
	GlobalSection(ProjectConfigurationPlatforms) = postSolution
		{7797FE90-33CA-43A7-AD26-872AB3AA8C5D}.Debug|Any CPU.ActiveCfg = Debug|Any CPU
		{7797FE90-33CA-43A7-AD26-872AB3AA8C5D}.Debug|Any CPU.Build.0 = Debug|Any CPU
		{7797FE90-33CA-43A7-AD26-872AB3AA8C5D}.Release|Any CPU.ActiveCfg = Release|Any CPU
		{7797FE90-33CA-43A7-AD26-872AB3AA8C5D}.Release|Any CPU.Build.0 = Release|Any CPU
		{3A1BD19D-5C38-4166-9A02-B94B79EC5717}.Debug|Any CPU.ActiveCfg = Debug|Any CPU
		{3A1BD19D-5C38-4166-9A02-B94B79EC5717}.Debug|Any CPU.Build.0 = Debug|Any CPU
		{3A1BD19D-5C38-4166-9A02-B94B79EC5717}.Release|Any CPU.ActiveCfg = Release|Any CPU
		{3A1BD19D-5C38-4166-9A02-B94B79EC5717}.Release|Any CPU.Build.0 = Release|Any CPU
		{8FF1A6C7-4251-4041-A3EE-0A23AE39517D}.Debug|Any CPU.ActiveCfg = Debug|Any CPU
		{8FF1A6C7-4251-4041-A3EE-0A23AE39517D}.Debug|Any CPU.Build.0 = Debug|Any CPU
		{8FF1A6C7-4251-4041-A3EE-0A23AE39517D}.Release|Any CPU.ActiveCfg = Release|Any CPU
		{8FF1A6C7-4251-4041-A3EE-0A23AE39517D}.Release|Any CPU.Build.0 = Release|Any CPU
	EndGlobalSection
	GlobalSection(SolutionProperties) = preSolution
		HideSolutionNode = FALSE
	EndGlobalSection
	GlobalSection(ExtensibilityGlobals) = postSolution
		SolutionGuid = {B7B4F754-54CB-45DC-9974-ED2063BC89B2}
	EndGlobalSection
EndGlobal
