
Microsoft Visual Studio Solution File, Format Version 12.00
# Visual Studio Version 17
VisualStudioVersion = 17.0.32014.148
MinimumVisualStudioVersion = 10.0.40219.1
Project("{9A19103F-16F7-4668-BE54-9A1E7A4F7556}") = "CAPA_NEGOCIO", "CAPA_NEGOCIO\CAPA_NEGOCIO.csproj", "{3A1BD19D-5C38-4166-9A02-B94B79EC5717}"
EndProject
Project("{9A19103F-16F7-4668-BE54-9A1E7A4F7556}") = "CAPA_DATOS", "CAPA_DATOS\CAPA_DATOS.csproj", "{8FF1A6C7-4251-4041-A3EE-0A23AE39517D}"
EndProject
Project("{9A19103F-16F7-4668-BE54-9A1E7A4F7556}") = "SNI_UI2", "SNI_UI2\SNI_UI2.csproj", "{65064C0F-E1E2-4448-9F71-6581FA14B112}"
EndProject
Global
	GlobalSection(SolutionConfigurationPlatforms) = preSolution
		Debug|Any CPU = Debug|Any CPU
		Release|Any CPU = Release|Any CPU
	EndGlobalSection
	GlobalSection(ProjectConfigurationPlatforms) = postSolution
		{3A1BD19D-5C38-4166-9A02-B94B79EC5717}.Debug|Any CPU.ActiveCfg = Debug|Any CPU
		{3A1BD19D-5C38-4166-9A02-B94B79EC5717}.Debug|Any CPU.Build.0 = Debug|Any CPU
		{3A1BD19D-5C38-4166-9A02-B94B79EC5717}.Release|Any CPU.ActiveCfg = Release|Any CPU
		{3A1BD19D-5C38-4166-9A02-B94B79EC5717}.Release|Any CPU.Build.0 = Release|Any CPU
		{8FF1A6C7-4251-4041-A3EE-0A23AE39517D}.Debug|Any CPU.ActiveCfg = Debug|Any CPU
		{8FF1A6C7-4251-4041-A3EE-0A23AE39517D}.Debug|Any CPU.Build.0 = Debug|Any CPU
		{8FF1A6C7-4251-4041-A3EE-0A23AE39517D}.Release|Any CPU.ActiveCfg = Release|Any CPU
		{8FF1A6C7-4251-4041-A3EE-0A23AE39517D}.Release|Any CPU.Build.0 = Release|Any CPU
		{65064C0F-E1E2-4448-9F71-6581FA14B112}.Debug|Any CPU.ActiveCfg = Debug|Any CPU
		{65064C0F-E1E2-4448-9F71-6581FA14B112}.Debug|Any CPU.Build.0 = Debug|Any CPU
		{65064C0F-E1E2-4448-9F71-6581FA14B112}.Release|Any CPU.ActiveCfg = Release|Any CPU
		{65064C0F-E1E2-4448-9F71-6581FA14B112}.Release|Any CPU.Build.0 = Release|Any CPU
	EndGlobalSection
	GlobalSection(SolutionProperties) = preSolution
		HideSolutionNode = FALSE
	EndGlobalSection
	GlobalSection(ExtensibilityGlobals) = postSolution
		SolutionGuid = {B7B4F754-54CB-45DC-9974-ED2063BC89B2}
	EndGlobalSection
EndGlobal
